
Microsoft Visual Studio Solution File, Format Version 12.00
# Visual Studio 15
VisualStudioVersion = 15.0.27428.2002
MinimumVisualStudioVersion = 10.0.40219.1
Project("{8BC9CEB8-8B4A-11D0-8D11-00A0C91BC942}") = "Chip8", "Chip8\Chip8.vcxproj", "{FF2E9F59-0918-47BC-AE6E-B32E4200379D}"
EndProject
Global
	GlobalSection(SolutionConfigurationPlatforms) = preSolution
		Debug|x64 = Debug|x64
		Debug|x86 = Debug|x86
		Release|x64 = Release|x64
		Release|x86 = Release|x86
	EndGlobalSection
	GlobalSection(ProjectConfigurationPlatforms) = postSolution
		{FF2E9F59-0918-47BC-AE6E-B32E4200379D}.Debug|x64.ActiveCfg = Debug|x64
		{FF2E9F59-0918-47BC-AE6E-B32E4200379D}.Debug|x64.Build.0 = Debug|x64
		{FF2E9F59-0918-47BC-AE6E-B32E4200379D}.Debug|x86.ActiveCfg = Debug|Win32
		{FF2E9F59-0918-47BC-AE6E-B32E4200379D}.Debug|x86.Build.0 = Debug|Win32
		{FF2E9F59-0918-47BC-AE6E-B32E4200379D}.Release|x64.ActiveCfg = Release|x64
		{FF2E9F59-0918-47BC-AE6E-B32E4200379D}.Release|x64.Build.0 = Release|x64
		{FF2E9F59-0918-47BC-AE6E-B32E4200379D}.Release|x86.ActiveCfg = Release|Win32
		{FF2E9F59-0918-47BC-AE6E-B32E4200379D}.Release|x86.Build.0 = Release|Win32
	EndGlobalSection
	GlobalSection(SolutionProperties) = preSolution
		HideSolutionNode = FALSE
	EndGlobalSection
	GlobalSection(ExtensibilityGlobals) = postSolution
		SolutionGuid = {74946B95-8E49-4A01-9CB8-29416D47E22F}
	EndGlobalSection
EndGlobal
